
Microsoft Visual Studio Solution File, Format Version 12.00
# Visual Studio Version 17
VisualStudioVersion = 17.4.33110.190
MinimumVisualStudioVersion = 10.0.40219.1
Project("{8BC9CEB8-8B4A-11D0-8D11-00A0C91BC942}") = "ServerChessBoard", "ServerChessBoard\ServerChessBoard.vcxproj", "{D042F9E8-9D4D-4AC4-A491-1714844332D4}"
EndProject
Project("{8BC9CEB8-8B4A-11D0-8D11-00A0C91BC942}") = "Server", "Server\Server.vcxproj", "{971523B7-07D2-47C9-BDAA-7B81A1A4A79E}"
EndProject
Global
	GlobalSection(SolutionConfigurationPlatforms) = preSolution
		Debug|x64 = Debug|x64
		Debug|x86 = Debug|x86
		Release|x64 = Release|x64
		Release|x86 = Release|x86
	EndGlobalSection
	GlobalSection(ProjectConfigurationPlatforms) = postSolution
		{D042F9E8-9D4D-4AC4-A491-1714844332D4}.Debug|x64.ActiveCfg = Debug|x64
		{D042F9E8-9D4D-4AC4-A491-1714844332D4}.Debug|x64.Build.0 = Debug|x64
		{D042F9E8-9D4D-4AC4-A491-1714844332D4}.Debug|x86.ActiveCfg = Debug|Win32
		{D042F9E8-9D4D-4AC4-A491-1714844332D4}.Debug|x86.Build.0 = Debug|Win32
		{D042F9E8-9D4D-4AC4-A491-1714844332D4}.Release|x64.ActiveCfg = Release|x64
		{D042F9E8-9D4D-4AC4-A491-1714844332D4}.Release|x64.Build.0 = Release|x64
		{D042F9E8-9D4D-4AC4-A491-1714844332D4}.Release|x86.ActiveCfg = Release|Win32
		{D042F9E8-9D4D-4AC4-A491-1714844332D4}.Release|x86.Build.0 = Release|Win32
		{971523B7-07D2-47C9-BDAA-7B81A1A4A79E}.Debug|x64.ActiveCfg = Debug|x64
		{971523B7-07D2-47C9-BDAA-7B81A1A4A79E}.Debug|x64.Build.0 = Debug|x64
		{971523B7-07D2-47C9-BDAA-7B81A1A4A79E}.Debug|x86.ActiveCfg = Debug|Win32
		{971523B7-07D2-47C9-BDAA-7B81A1A4A79E}.Debug|x86.Build.0 = Debug|Win32
		{971523B7-07D2-47C9-BDAA-7B81A1A4A79E}.Release|x64.ActiveCfg = Release|x64
		{971523B7-07D2-47C9-BDAA-7B81A1A4A79E}.Release|x64.Build.0 = Release|x64
		{971523B7-07D2-47C9-BDAA-7B81A1A4A79E}.Release|x86.ActiveCfg = Release|Win32
		{971523B7-07D2-47C9-BDAA-7B81A1A4A79E}.Release|x86.Build.0 = Release|Win32
	EndGlobalSection
	GlobalSection(SolutionProperties) = preSolution
		HideSolutionNode = FALSE
	EndGlobalSection
	GlobalSection(ExtensibilityGlobals) = postSolution
		SolutionGuid = {B1231D06-4C90-4185-82CC-18FE9EAD6CC1}
	EndGlobalSection
EndGlobal
