<?xml version="1.0" encoding="utf-8"?>
<Project ToolsVersion="4.0" xmlns="http://schemas.microsoft.com/developer/msbuild/2003">
  <ItemGroup>
    <Filter Include="Network">
      <UniqueIdentifier>{44015ff7-f5fe-4ecb-9510-ba792e92d6c2}</UniqueIdentifier>
    </Filter>
    <Filter Include="Utils">
      <UniqueIdentifier>{1c94faf8-d38f-44b3-b3f3-39ba3c6951e1}</UniqueIdentifier>
    </Filter>
    <Filter Include="Main">
      <UniqueIdentifier>{48b8bdb5-85e3-4137-bdd1-e13d6a398895}</UniqueIdentifier>
    </Filter>
    <Filter Include="Thread">
      <UniqueIdentifier>{dfea4525-4125-4611-b0f9-c38a3e277d44}</UniqueIdentifier>
    </Filter>
  </ItemGroup>
  <ItemGroup>
    <ClInclude Include="Types.h">
      <Filter>Main</Filter>
    </ClInclude>
    <ClInclude Include="CorePch.h">
      <Filter>Main</Filter>
    </ClInclude>
    <ClInclude Include="pch.h">
      <Filter>Main</Filter>
    </ClInclude>
    <ClInclude Include="CoreMacro.h">
      <Filter>Main</Filter>
    </ClInclude>
    <ClInclude Include="CoreTLS.h">
      <Filter>Main</Filter>
    </ClInclude>
    <ClInclude Include="CoreGlobal.h">
      <Filter>Main</Filter>
    </ClInclude>
    <ClInclude Include="ThreadManager.h">
      <Filter>Thread</Filter>
    </ClInclude>
  </ItemGroup>
  <ItemGroup>
    <ClCompile Include="CorePch.cpp">
      <Filter>Main</Filter>
    </ClCompile>
    <ClCompile Include="pch.cpp">
      <Filter>Main</Filter>
    </ClCompile>
    <ClCompile Include="CoreTLS.cpp">
      <Filter>Main</Filter>
    </ClCompile>
    <ClCompile Include="CoreGlobal.cpp">
      <Filter>Main</Filter>
    </ClCompile>
    <ClCompile Include="ThreadManager.cpp">
      <Filter>Thread</Filter>
    </ClCompile>
  </ItemGroup>
</Project>